// !$*UTF8*$!
{
	archiveVersion = 1;
	classes = {
	};
	objectVersion = 46;
	objects = {

/* Begin PBXBuildFile section */
		E62934041EC5002A00BC6799 /* PrefsViewController.swift in Sources */ = {isa = PBXBuildFile; fileRef = E62934031EC5002A00BC6799 /* PrefsViewController.swift */; };
		E6C770D01EC74C9400A95AFC /* EggTimer.swift in Sources */ = {isa = PBXBuildFile; fileRef = E6C770CF1EC74C9400A95AFC /* EggTimer.swift */; };
		E6C770D21EC7A28500A95AFC /* Preferences.swift in Sources */ = {isa = PBXBuildFile; fileRef = E6C770D11EC7A28500A95AFC /* Preferences.swift */; };
		E6C770D41EC7AA3C00A95AFC /* ding.mp3 in Resources */ = {isa = PBXBuildFile; fileRef = E6C770D31EC7AA3C00A95AFC /* ding.mp3 */; };
		E6E3E3461EC429CF00CE37A7 /* AppDelegate.swift in Sources */ = {isa = PBXBuildFile; fileRef = E6E3E3451EC429CF00CE37A7 /* AppDelegate.swift */; };
		E6E3E3481EC429CF00CE37A7 /* ViewController.swift in Sources */ = {isa = PBXBuildFile; fileRef = E6E3E3471EC429CF00CE37A7 /* ViewController.swift */; };
		E6E3E34A1EC429CF00CE37A7 /* Assets.xcassets in Resources */ = {isa = PBXBuildFile; fileRef = E6E3E3491EC429CF00CE37A7 /* Assets.xcassets */; };
		E6E3E34D1EC429CF00CE37A7 /* Main.storyboard in Resources */ = {isa = PBXBuildFile; fileRef = E6E3E34B1EC429CF00CE37A7 /* Main.storyboard */; };
/* End PBXBuildFile section */

/* Begin PBXFileReference section */
		E62934031EC5002A00BC6799 /* PrefsViewController.swift */ = {isa = PBXFileReference; fileEncoding = 4; lastKnownFileType = sourcecode.swift; path = PrefsViewController.swift; sourceTree = "<group>"; };
		E6C770CB1EC6E0F900A95AFC /* EggTimer.entitlements */ = {isa = PBXFileReference; lastKnownFileType = text.plist.entitlements; path = EggTimer.entitlements; sourceTree = "<group>"; };
		E6C770CF1EC74C9400A95AFC /* EggTimer.swift */ = {isa = PBXFileReference; fileEncoding = 4; lastKnownFileType = sourcecode.swift; path = EggTimer.swift; sourceTree = "<group>"; };
		E6C770D11EC7A28500A95AFC /* Preferences.swift */ = {isa = PBXFileReference; fileEncoding = 4; lastKnownFileType = sourcecode.swift; path = Preferences.swift; sourceTree = "<group>"; };
		E6C770D31EC7AA3C00A95AFC /* ding.mp3 */ = {isa = PBXFileReference; lastKnownFileType = audio.mp3; path = ding.mp3; sourceTree = "<group>"; };
		E6E3E3421EC429CF00CE37A7 /* EggTimer.app */ = {isa = PBXFileReference; explicitFileType = wrapper.application; includeInIndex = 0; path = EggTimer.app; sourceTree = BUILT_PRODUCTS_DIR; };
		E6E3E3451EC429CF00CE37A7 /* AppDelegate.swift */ = {isa = PBXFileReference; lastKnownFileType = sourcecode.swift; path = AppDelegate.swift; sourceTree = "<group>"; };
		E6E3E3471EC429CF00CE37A7 /* ViewController.swift */ = {isa = PBXFileReference; lastKnownFileType = sourcecode.swift; path = ViewController.swift; sourceTree = "<group>"; };
		E6E3E3491EC429CF00CE37A7 /* Assets.xcassets */ = {isa = PBXFileReference; lastKnownFileType = folder.assetcatalog; path = Assets.xcassets; sourceTree = "<group>"; };
		E6E3E34C1EC429CF00CE37A7 /* Base */ = {isa = PBXFileReference; lastKnownFileType = file.storyboard; name = Base; path = Base.lproj/Main.storyboard; sourceTree = "<group>"; };
		E6E3E34E1EC429CF00CE37A7 /* Info.plist */ = {isa = PBXFileReference; lastKnownFileType = text.plist.xml; path = Info.plist; sourceTree = "<group>"; };
/* End PBXFileReference section */

/* Begin PBXFrameworksBuildPhase section */
		E6E3E33F1EC429CF00CE37A7 /* Frameworks */ = {
			isa = PBXFrameworksBuildPhase;
			buildActionMask = 2147483647;
			files = (
			);
			runOnlyForDeploymentPostprocessing = 0;
		};
/* End PBXFrameworksBuildPhase section */

/* Begin PBXGroup section */
		E6C770CC1EC6E14B00A95AFC /* View Controllers */ = {
			isa = PBXGroup;
			children = (
				E6E3E3471EC429CF00CE37A7 /* ViewController.swift */,
				E62934031EC5002A00BC6799 /* PrefsViewController.swift */,
			);
			name = "View Controllers";
			sourceTree = "<group>";
		};
		E6C770CD1EC6E17000A95AFC /* Model */ = {
			isa = PBXGroup;
			children = (
				E6E3E3491EC429CF00CE37A7 /* Assets.xcassets */,
				E6E3E34B1EC429CF00CE37A7 /* Main.storyboard */,
				E6C770D31EC7AA3C00A95AFC /* ding.mp3 */,
				E6C770CF1EC74C9400A95AFC /* EggTimer.swift */,
				E6C770D11EC7A28500A95AFC /* Preferences.swift */,
			);
			name = Model;
			sourceTree = "<group>";
		};
		E6C770CE1EC6E19100A95AFC /* Supporting Files */ = {
			isa = PBXGroup;
			children = (
				E6E3E34E1EC429CF00CE37A7 /* Info.plist */,
				E6C770CB1EC6E0F900A95AFC /* EggTimer.entitlements */,
			);
			name = "Supporting Files";
			path = EggTimer;
			sourceTree = "<group>";
		};
		E6E3E3391EC429CF00CE37A7 = {
			isa = PBXGroup;
			children = (
				E6E3E3441EC429CF00CE37A7 /* EggTimer */,
				E6C770CE1EC6E19100A95AFC /* Supporting Files */,
				E6E3E3431EC429CF00CE37A7 /* Products */,
			);
			sourceTree = "<group>";
		};
		E6E3E3431EC429CF00CE37A7 /* Products */ = {
			isa = PBXGroup;
			children = (
				E6E3E3421EC429CF00CE37A7 /* EggTimer.app */,
			);
			name = Products;
			sourceTree = "<group>";
		};
		E6E3E3441EC429CF00CE37A7 /* EggTimer */ = {
			isa = PBXGroup;
			children = (
				E6E3E3451EC429CF00CE37A7 /* AppDelegate.swift */,
				E6C770CC1EC6E14B00A95AFC /* View Controllers */,
				E6C770CD1EC6E17000A95AFC /* Model */,
			);
			path = EggTimer;
			sourceTree = "<group>";
		};
/* End PBXGroup section */

/* Begin PBXNativeTarget section */
		E6E3E3411EC429CF00CE37A7 /* EggTimer */ = {
			isa = PBXNativeTarget;
			buildConfigurationList = E6E3E3511EC429CF00CE37A7 /* Build configuration list for PBXNativeTarget "EggTimer" */;
			buildPhases = (
				E6E3E33E1EC429CF00CE37A7 /* Sources */,
				E6E3E33F1EC429CF00CE37A7 /* Frameworks */,
				E6E3E3401EC429CF00CE37A7 /* Resources */,
			);
			buildRules = (
			);
			dependencies = (
			);
			name = EggTimer;
			productName = EggTimer;
			productReference = E6E3E3421EC429CF00CE37A7 /* EggTimer.app */;
			productType = "com.apple.product-type.application";
		};
/* End PBXNativeTarget section */

/* Begin PBXProject section */
		E6E3E33A1EC429CF00CE37A7 /* Project object */ = {
			isa = PBXProject;
			attributes = {
				LastSwiftUpdateCheck = 0820;
				LastUpgradeCheck = 0820;
				ORGANIZATIONNAME = "Cyrille Calvino";
				TargetAttributes = {
					E6E3E3411EC429CF00CE37A7 = {
						CreatedOnToolsVersion = 8.2;
						DevelopmentTeam = 86M7HYZF9Z;
						ProvisioningStyle = Automatic;
						SystemCapabilities = {
							com.apple.Sandbox = {
								enabled = 1;
							};
						};
					};
				};
			};
			buildConfigurationList = E6E3E33D1EC429CF00CE37A7 /* Build configuration list for PBXProject "EggTimer" */;
			compatibilityVersion = "Xcode 3.2";
			developmentRegion = English;
			hasScannedForEncodings = 0;
			knownRegions = (
				en,
				Base,
			);
			mainGroup = E6E3E3391EC429CF00CE37A7;
			productRefGroup = E6E3E3431EC429CF00CE37A7 /* Products */;
			projectDirPath = "";
			projectRoot = "";
			targets = (
				E6E3E3411EC429CF00CE37A7 /* EggTimer */,
			);
		};
/* End PBXProject section */

/* Begin PBXResourcesBuildPhase section */
		E6E3E3401EC429CF00CE37A7 /* Resources */ = {
			isa = PBXResourcesBuildPhase;
			buildActionMask = 2147483647;
			files = (
				E6E3E34A1EC429CF00CE37A7 /* Assets.xcassets in Resources */,
				E6E3E34D1EC429CF00CE37A7 /* Main.storyboard in Resources */,
				E6C770D41EC7AA3C00A95AFC /* ding.mp3 in Resources */,
			);
			runOnlyForDeploymentPostprocessing = 0;
		};
/* End PBXResourcesBuildPhase section */

/* Begin PBXSourcesBuildPhase section */
		E6E3E33E1EC429CF00CE37A7 /* Sources */ = {
			isa = PBXSourcesBuildPhase;
			buildActionMask = 2147483647;
			files = (
				E6E3E3481EC429CF00CE37A7 /* ViewController.swift in Sources */,
				E6C770D01EC74C9400A95AFC /* EggTimer.swift in Sources */,
				E6C770D21EC7A28500A95AFC /* Preferences.swift in Sources */,
				E62934041EC5002A00BC6799 /* PrefsViewController.swift in Sources */,
				E6E3E3461EC429CF00CE37A7 /* AppDelegate.swift in Sources */,
			);
			runOnlyForDeploymentPostprocessing = 0;
		};
/* End PBXSourcesBuildPhase section */

/* Begin PBXVariantGroup section */
		E6E3E34B1EC429CF00CE37A7 /* Main.storyboard */ = {
			isa = PBXVariantGroup;
			children = (
				E6E3E34C1EC429CF00CE37A7 /* Base */,
			);
			name = Main.storyboard;
			sourceTree = "<group>";
		};
/* End PBXVariantGroup section */

/* Begin XCBuildConfiguration section */
		E6E3E34F1EC429CF00CE37A7 /* Debug */ = {
			isa = XCBuildConfiguration;
			buildSettings = {
				ALWAYS_SEARCH_USER_PATHS = NO;
				CLANG_ANALYZER_NONNULL = YES;
				CLANG_CXX_LANGUAGE_STANDARD = "gnu++0x";
				CLANG_CXX_LIBRARY = "libc++";
				CLANG_ENABLE_MODULES = YES;
				CLANG_ENABLE_OBJC_ARC = YES;
				CLANG_WARN_BOOL_CONVERSION = YES;
				CLANG_WARN_CONSTANT_CONVERSION = YES;
				CLANG_WARN_DIRECT_OBJC_ISA_USAGE = YES_ERROR;
				CLANG_WARN_DOCUMENTATION_COMMENTS = YES;
				CLANG_WARN_EMPTY_BODY = YES;
				CLANG_WARN_ENUM_CONVERSION = YES;
				CLANG_WARN_INFINITE_RECURSION = YES;
				CLANG_WARN_INT_CONVERSION = YES;
				CLANG_WARN_OBJC_ROOT_CLASS = YES_ERROR;
				CLANG_WARN_SUSPICIOUS_MOVE = YES;
				CLANG_WARN_UNREACHABLE_CODE = YES;
				CLANG_WARN__DUPLICATE_METHOD_MATCH = YES;
				CODE_SIGN_IDENTITY = "-";
				COPY_PHASE_STRIP = NO;
				DEBUG_INFORMATION_FORMAT = dwarf;
				ENABLE_STRICT_OBJC_MSGSEND = YES;
				ENABLE_TESTABILITY = YES;
				GCC_C_LANGUAGE_STANDARD = gnu99;
				GCC_DYNAMIC_NO_PIC = NO;
				GCC_NO_COMMON_BLOCKS = YES;
				GCC_OPTIMIZATION_LEVEL = 0;
				GCC_PREPROCESSOR_DEFINITIONS = (
					"DEBUG=1",
					"$(inherited)",
				);
				GCC_WARN_64_TO_32_BIT_CONVERSION = YES;
				GCC_WARN_ABOUT_RETURN_TYPE = YES_ERROR;
				GCC_WARN_UNDECLARED_SELECTOR = YES;
				GCC_WARN_UNINITIALIZED_AUTOS = YES_AGGRESSIVE;
				GCC_WARN_UNUSED_FUNCTION = YES;
				GCC_WARN_UNUSED_VARIABLE = YES;
				MACOSX_DEPLOYMENT_TARGET = 10.12;
				MTL_ENABLE_DEBUG_INFO = YES;
				ONLY_ACTIVE_ARCH = YES;
				SDKROOT = macosx;
				SWIFT_ACTIVE_COMPILATION_CONDITIONS = DEBUG;
				SWIFT_OPTIMIZATION_LEVEL = "-Onone";
			};
			name = Debug;
		};
		E6E3E3501EC429CF00CE37A7 /* Release */ = {
			isa = XCBuildConfiguration;
			buildSettings = {
				ALWAYS_SEARCH_USER_PATHS = NO;
				CLANG_ANALYZER_NONNULL = YES;
				CLANG_CXX_LANGUAGE_STANDARD = "gnu++0x";
				CLANG_CXX_LIBRARY = "libc++";
				CLANG_ENABLE_MODULES = YES;
				CLANG_ENABLE_OBJC_ARC = YES;
				CLANG_WARN_BOOL_CONVERSION = YES;
				CLANG_WARN_CONSTANT_CONVERSION = YES;
				CLANG_WARN_DIRECT_OBJC_ISA_USAGE = YES_ERROR;
				CLANG_WARN_DOCUMENTATION_COMMENTS = YES;
				CLANG_WARN_EMPTY_BODY = YES;
				CLANG_WARN_ENUM_CONVERSION = YES;
				CLANG_WARN_INFINITE_RECURSION = YES;
				CLANG_WARN_INT_CONVERSION = YES;
				CLANG_WARN_OBJC_ROOT_CLASS = YES_ERROR;
				CLANG_WARN_SUSPICIOUS_MOVE = YES;
				CLANG_WARN_UNREACHABLE_CODE = YES;
				CLANG_WARN__DUPLICATE_METHOD_MATCH = YES;
				CODE_SIGN_IDENTITY = "-";
				COPY_PHASE_STRIP = NO;
				DEBUG_INFORMATION_FORMAT = "dwarf-with-dsym";
				ENABLE_NS_ASSERTIONS = NO;
				ENABLE_STRICT_OBJC_MSGSEND = YES;
				GCC_C_LANGUAGE_STANDARD = gnu99;
				GCC_NO_COMMON_BLOCKS = YES;
				GCC_WARN_64_TO_32_BIT_CONVERSION = YES;
				GCC_WARN_ABOUT_RETURN_TYPE = YES_ERROR;
				GCC_WARN_UNDECLARED_SELECTOR = YES;
				GCC_WARN_UNINITIALIZED_AUTOS = YES_AGGRESSIVE;
				GCC_WARN_UNUSED_FUNCTION = YES;
				GCC_WARN_UNUSED_VARIABLE = YES;
				MACOSX_DEPLOYMENT_TARGET = 10.12;
				MTL_ENABLE_DEBUG_INFO = NO;
				SDKROOT = macosx;
				SWIFT_OPTIMIZATION_LEVEL = "-Owholemodule";
			};
			name = Release;
		};
		E6E3E3521EC429CF00CE37A7 /* Debug */ = {
			isa = XCBuildConfiguration;
			buildSettings = {
				ASSETCATALOG_COMPILER_APPICON_NAME = AppIcon;
				CODE_SIGN_ENTITLEMENTS = EggTimer/EggTimer.entitlements;
				CODE_SIGN_IDENTITY = "Mac Developer";
				COMBINE_HIDPI_IMAGES = YES;
				DEVELOPMENT_TEAM = 86M7HYZF9Z;
				INFOPLIST_FILE = EggTimer/Info.plist;
				LD_RUNPATH_SEARCH_PATHS = "$(inherited) @executable_path/../Frameworks";
				PRODUCT_BUNDLE_IDENTIFIER = com.ccalvino.EggTimer;
				PRODUCT_NAME = "$(TARGET_NAME)";
				SWIFT_VERSION = 3.0;
			};
			name = Debug;
		};
		E6E3E3531EC429CF00CE37A7 /* Release */ = {
			isa = XCBuildConfiguration;
			buildSettings = {
				ASSETCATALOG_COMPILER_APPICON_NAME = AppIcon;
				CODE_SIGN_ENTITLEMENTS = EggTimer/EggTimer.entitlements;
				CODE_SIGN_IDENTITY = "Mac Developer";
				COMBINE_HIDPI_IMAGES = YES;
				DEVELOPMENT_TEAM = 86M7HYZF9Z;
				INFOPLIST_FILE = EggTimer/Info.plist;
				LD_RUNPATH_SEARCH_PATHS = "$(inherited) @executable_path/../Frameworks";
				PRODUCT_BUNDLE_IDENTIFIER = com.ccalvino.EggTimer;
				PRODUCT_NAME = "$(TARGET_NAME)";
				SWIFT_VERSION = 3.0;
			};
			name = Release;
		};
/* End XCBuildConfiguration section */

/* Begin XCConfigurationList section */
		E6E3E33D1EC429CF00CE37A7 /* Build configuration list for PBXProject "EggTimer" */ = {
			isa = XCConfigurationList;
			buildConfigurations = (
				E6E3E34F1EC429CF00CE37A7 /* Debug */,
				E6E3E3501EC429CF00CE37A7 /* Release */,
			);
			defaultConfigurationIsVisible = 0;
			defaultConfigurationName = Release;
		};
		E6E3E3511EC429CF00CE37A7 /* Build configuration list for PBXNativeTarget "EggTimer" */ = {
			isa = XCConfigurationList;
			buildConfigurations = (
				E6E3E3521EC429CF00CE37A7 /* Debug */,
				E6E3E3531EC429CF00CE37A7 /* Release */,
			);
			defaultConfigurationIsVisible = 0;
			defaultConfigurationName = Release;
		};
/* End XCConfigurationList section */
	};
	rootObject = E6E3E33A1EC429CF00CE37A7 /* Project object */;
}
